// !$*UTF8*$!
{
	archiveVersion = 1;
	classes = {
	};
	objectVersion = 50;
	objects = {

/* Begin PBXBuildFile section */
		114FBFBC24CF4F5800F723CA /* AppDelegate.swift in Sources */ = {isa = PBXBuildFile; fileRef = 114FBFBB24CF4F5800F723CA /* AppDelegate.swift */; };
		114FBFBE24CF4F5800F723CA /* SceneDelegate.swift in Sources */ = {isa = PBXBuildFile; fileRef = 114FBFBD24CF4F5800F723CA /* SceneDelegate.swift */; };
		114FBFC024CF4F5800F723CA /* ViewController.swift in Sources */ = {isa = PBXBuildFile; fileRef = 114FBFBF24CF4F5800F723CA /* ViewController.swift */; };
		114FBFC324CF4F5800F723CA /* Main.storyboard in Resources */ = {isa = PBXBuildFile; fileRef = 114FBFC124CF4F5800F723CA /* Main.storyboard */; };
		114FBFC524CF4F5900F723CA /* Assets.xcassets in Resources */ = {isa = PBXBuildFile; fileRef = 114FBFC424CF4F5900F723CA /* Assets.xcassets */; };
		114FBFC824CF4F5900F723CA /* LaunchScreen.storyboard in Resources */ = {isa = PBXBuildFile; fileRef = 114FBFC624CF4F5900F723CA /* LaunchScreen.storyboard */; };
/* End PBXBuildFile section */

/* Begin PBXFileReference section */
		114FBFB824CF4F5800F723CA /* Project6b.app */ = {isa = PBXFileReference; explicitFileType = wrapper.application; includeInIndex = 0; path = Project6b.app; sourceTree = BUILT_PRODUCTS_DIR; };
		114FBFBB24CF4F5800F723CA /* AppDelegate.swift */ = {isa = PBXFileReference; lastKnownFileType = sourcecode.swift; path = AppDelegate.swift; sourceTree = "<group>"; };
		114FBFBD24CF4F5800F723CA /* SceneDelegate.swift */ = {isa = PBXFileReference; lastKnownFileType = sourcecode.swift; path = SceneDelegate.swift; sourceTree = "<group>"; };
		114FBFBF24CF4F5800F723CA /* ViewController.swift */ = {isa = PBXFileReference; lastKnownFileType = sourcecode.swift; path = ViewController.swift; sourceTree = "<group>"; };
		114FBFC224CF4F5800F723CA /* Base */ = {isa = PBXFileReference; lastKnownFileType = file.storyboard; name = Base; path = Base.lproj/Main.storyboard; sourceTree = "<group>"; };
		114FBFC424CF4F5900F723CA /* Assets.xcassets */ = {isa = PBXFileReference; lastKnownFileType = folder.assetcatalog; path = Assets.xcassets; sourceTree = "<group>"; };
		114FBFC724CF4F5900F723CA /* Base */ = {isa = PBXFileReference; lastKnownFileType = file.storyboard; name = Base; path = Base.lproj/LaunchScreen.storyboard; sourceTree = "<group>"; };
		114FBFC924CF4F5900F723CA /* Info.plist */ = {isa = PBXFileReference; lastKnownFileType = text.plist.xml; path = Info.plist; sourceTree = "<group>"; };
/* End PBXFileReference section */

/* Begin PBXFrameworksBuildPhase section */
		114FBFB524CF4F5800F723CA /* Frameworks */ = {
			isa = PBXFrameworksBuildPhase;
			buildActionMask = 2147483647;
			files = (
			);
			runOnlyForDeploymentPostprocessing = 0;
		};
/* End PBXFrameworksBuildPhase section */

/* Begin PBXGroup section */
		114FBFAF24CF4F5700F723CA = {
			isa = PBXGroup;
			children = (
				114FBFBA24CF4F5800F723CA /* Project6b */,
				114FBFB924CF4F5800F723CA /* Products */,
			);
			sourceTree = "<group>";
		};
		114FBFB924CF4F5800F723CA /* Products */ = {
			isa = PBXGroup;
			children = (
				114FBFB824CF4F5800F723CA /* Project6b.app */,
			);
			name = Products;
			sourceTree = "<group>";
		};
		114FBFBA24CF4F5800F723CA /* Project6b */ = {
			isa = PBXGroup;
			children = (
				114FBFBB24CF4F5800F723CA /* AppDelegate.swift */,
				114FBFBD24CF4F5800F723CA /* SceneDelegate.swift */,
				114FBFBF24CF4F5800F723CA /* ViewController.swift */,
				114FBFC124CF4F5800F723CA /* Main.storyboard */,
				114FBFC424CF4F5900F723CA /* Assets.xcassets */,
				114FBFC624CF4F5900F723CA /* LaunchScreen.storyboard */,
				114FBFC924CF4F5900F723CA /* Info.plist */,
			);
			path = Project6b;
			sourceTree = "<group>";
		};
/* End PBXGroup section */

/* Begin PBXNativeTarget section */
		114FBFB724CF4F5800F723CA /* Project6b */ = {
			isa = PBXNativeTarget;
			buildConfigurationList = 114FBFCC24CF4F5900F723CA /* Build configuration list for PBXNativeTarget "Project6b" */;
			buildPhases = (
				114FBFB424CF4F5800F723CA /* Sources */,
				114FBFB524CF4F5800F723CA /* Frameworks */,
				114FBFB624CF4F5800F723CA /* Resources */,
			);
			buildRules = (
			);
			dependencies = (
			);
			name = Project6b;
			productName = Project6b;
			productReference = 114FBFB824CF4F5800F723CA /* Project6b.app */;
			productType = "com.apple.product-type.application";
		};
/* End PBXNativeTarget section */

/* Begin PBXProject section */
		114FBFB024CF4F5700F723CA /* Project object */ = {
			isa = PBXProject;
			attributes = {
				LastSwiftUpdateCheck = 1150;
				LastUpgradeCheck = 1150;
				ORGANIZATIONNAME = "Александр Банников";
				TargetAttributes = {
					114FBFB724CF4F5800F723CA = {
						CreatedOnToolsVersion = 11.5;
					};
				};
			};
			buildConfigurationList = 114FBFB324CF4F5700F723CA /* Build configuration list for PBXProject "Project6b" */;
			compatibilityVersion = "Xcode 9.3";
			developmentRegion = en;
			hasScannedForEncodings = 0;
			knownRegions = (
				en,
				Base,
			);
			mainGroup = 114FBFAF24CF4F5700F723CA;
			productRefGroup = 114FBFB924CF4F5800F723CA /* Products */;
			projectDirPath = "";
			projectRoot = "";
			targets = (
				114FBFB724CF4F5800F723CA /* Project6b */,
			);
		};
/* End PBXProject section */

/* Begin PBXResourcesBuildPhase section */
		114FBFB624CF4F5800F723CA /* Resources */ = {
			isa = PBXResourcesBuildPhase;
			buildActionMask = 2147483647;
			files = (
				114FBFC824CF4F5900F723CA /* LaunchScreen.storyboard in Resources */,
				114FBFC524CF4F5900F723CA /* Assets.xcassets in Resources */,
				114FBFC324CF4F5800F723CA /* Main.storyboard in Resources */,
			);
			runOnlyForDeploymentPostprocessing = 0;
		};
/* End PBXResourcesBuildPhase section */

/* Begin PBXSourcesBuildPhase section */
		114FBFB424CF4F5800F723CA /* Sources */ = {
			isa = PBXSourcesBuildPhase;
			buildActionMask = 2147483647;
			files = (
				114FBFC024CF4F5800F723CA /* ViewController.swift in Sources */,
				114FBFBC24CF4F5800F723CA /* AppDelegate.swift in Sources */,
				114FBFBE24CF4F5800F723CA /* SceneDelegate.swift in Sources */,
			);
			runOnlyForDeploymentPostprocessing = 0;
		};
/* End PBXSourcesBuildPhase section */

/* Begin PBXVariantGroup section */
		114FBFC124CF4F5800F723CA /* Main.storyboard */ = {
			isa = PBXVariantGroup;
			children = (
				114FBFC224CF4F5800F723CA /* Base */,
			);
			name = Main.storyboard;
			sourceTree = "<group>";
		};
		114FBFC624CF4F5900F723CA /* LaunchScreen.storyboard */ = {
			isa = PBXVariantGroup;
			children = (
				114FBFC724CF4F5900F723CA /* Base */,
			);
			name = LaunchScreen.storyboard;
			sourceTree = "<group>";
		};
/* End PBXVariantGroup section */

/* Begin XCBuildConfiguration section */
		114FBFCA24CF4F5900F723CA /* Debug */ = {
			isa = XCBuildConfiguration;
			buildSettings = {
				ALWAYS_SEARCH_USER_PATHS = NO;
				CLANG_ANALYZER_NONNULL = YES;
				CLANG_ANALYZER_NUMBER_OBJECT_CONVERSION = YES_AGGRESSIVE;
				CLANG_CXX_LANGUAGE_STANDARD = "gnu++14";
				CLANG_CXX_LIBRARY = "libc++";
				CLANG_ENABLE_MODULES = YES;
				CLANG_ENABLE_OBJC_ARC = YES;
				CLANG_ENABLE_OBJC_WEAK = YES;
				CLANG_WARN_BLOCK_CAPTURE_AUTORELEASING = YES;
				CLANG_WARN_BOOL_CONVERSION = YES;
				CLANG_WARN_COMMA = YES;
				CLANG_WARN_CONSTANT_CONVERSION = YES;
				CLANG_WARN_DEPRECATED_OBJC_IMPLEMENTATIONS = YES;
				CLANG_WARN_DIRECT_OBJC_ISA_USAGE = YES_ERROR;
				CLANG_WARN_DOCUMENTATION_COMMENTS = YES;
				CLANG_WARN_EMPTY_BODY = YES;
				CLANG_WARN_ENUM_CONVERSION = YES;
				CLANG_WARN_INFINITE_RECURSION = YES;
				CLANG_WARN_INT_CONVERSION = YES;
				CLANG_WARN_NON_LITERAL_NULL_CONVERSION = YES;
				CLANG_WARN_OBJC_IMPLICIT_RETAIN_SELF = YES;
				CLANG_WARN_OBJC_LITERAL_CONVERSION = YES;
				CLANG_WARN_OBJC_ROOT_CLASS = YES_ERROR;
				CLANG_WARN_RANGE_LOOP_ANALYSIS = YES;
				CLANG_WARN_STRICT_PROTOTYPES = YES;
				CLANG_WARN_SUSPICIOUS_MOVE = YES;
				CLANG_WARN_UNGUARDED_AVAILABILITY = YES_AGGRESSIVE;
				CLANG_WARN_UNREACHABLE_CODE = YES;
				CLANG_WARN__DUPLICATE_METHOD_MATCH = YES;
				COPY_PHASE_STRIP = NO;
				DEBUG_INFORMATION_FORMAT = dwarf;
				ENABLE_STRICT_OBJC_MSGSEND = YES;
				ENABLE_TESTABILITY = YES;
				GCC_C_LANGUAGE_STANDARD = gnu11;
				GCC_DYNAMIC_NO_PIC = NO;
				GCC_NO_COMMON_BLOCKS = YES;
				GCC_OPTIMIZATION_LEVEL = 0;
				GCC_PREPROCESSOR_DEFINITIONS = (
					"DEBUG=1",
					"$(inherited)",
				);
				GCC_WARN_64_TO_32_BIT_CONVERSION = YES;
				GCC_WARN_ABOUT_RETURN_TYPE = YES_ERROR;
				GCC_WARN_UNDECLARED_SELECTOR = YES;
				GCC_WARN_UNINITIALIZED_AUTOS = YES_AGGRESSIVE;
				GCC_WARN_UNUSED_FUNCTION = YES;
				GCC_WARN_UNUSED_VARIABLE = YES;
				IPHONEOS_DEPLOYMENT_TARGET = 13.5;
				MTL_ENABLE_DEBUG_INFO = INCLUDE_SOURCE;
				MTL_FAST_MATH = YES;
				ONLY_ACTIVE_ARCH = YES;
				SDKROOT = iphoneos;
				SWIFT_ACTIVE_COMPILATION_CONDITIONS = DEBUG;
				SWIFT_OPTIMIZATION_LEVEL = "-Onone";
			};
			name = Debug;
		};
		114FBFCB24CF4F5900F723CA /* Release */ = {
			isa = XCBuildConfiguration;
			buildSettings = {
				ALWAYS_SEARCH_USER_PATHS = NO;
				CLANG_ANALYZER_NONNULL = YES;
				CLANG_ANALYZER_NUMBER_OBJECT_CONVERSION = YES_AGGRESSIVE;
				CLANG_CXX_LANGUAGE_STANDARD = "gnu++14";
				CLANG_CXX_LIBRARY = "libc++";
				CLANG_ENABLE_MODULES = YES;
				CLANG_ENABLE_OBJC_ARC = YES;
				CLANG_ENABLE_OBJC_WEAK = YES;
				CLANG_WARN_BLOCK_CAPTURE_AUTORELEASING = YES;
				CLANG_WARN_BOOL_CONVERSION = YES;
				CLANG_WARN_COMMA = YES;
				CLANG_WARN_CONSTANT_CONVERSION = YES;
				CLANG_WARN_DEPRECATED_OBJC_IMPLEMENTATIONS = YES;
				CLANG_WARN_DIRECT_OBJC_ISA_USAGE = YES_ERROR;
				CLANG_WARN_DOCUMENTATION_COMMENTS = YES;
				CLANG_WARN_EMPTY_BODY = YES;
				CLANG_WARN_ENUM_CONVERSION = YES;
				CLANG_WARN_INFINITE_RECURSION = YES;
				CLANG_WARN_INT_CONVERSION = YES;
				CLANG_WARN_NON_LITERAL_NULL_CONVERSION = YES;
				CLANG_WARN_OBJC_IMPLICIT_RETAIN_SELF = YES;
				CLANG_WARN_OBJC_LITERAL_CONVERSION = YES;
				CLANG_WARN_OBJC_ROOT_CLASS = YES_ERROR;
				CLANG_WARN_RANGE_LOOP_ANALYSIS = YES;
				CLANG_WARN_STRICT_PROTOTYPES = YES;
				CLANG_WARN_SUSPICIOUS_MOVE = YES;
				CLANG_WARN_UNGUARDED_AVAILABILITY = YES_AGGRESSIVE;
				CLANG_WARN_UNREACHABLE_CODE = YES;
				CLANG_WARN__DUPLICATE_METHOD_MATCH = YES;
				COPY_PHASE_STRIP = NO;
				DEBUG_INFORMATION_FORMAT = "dwarf-with-dsym";
				ENABLE_NS_ASSERTIONS = NO;
				ENABLE_STRICT_OBJC_MSGSEND = YES;
				GCC_C_LANGUAGE_STANDARD = gnu11;
				GCC_NO_COMMON_BLOCKS = YES;
				GCC_WARN_64_TO_32_BIT_CONVERSION = YES;
				GCC_WARN_ABOUT_RETURN_TYPE = YES_ERROR;
				GCC_WARN_UNDECLARED_SELECTOR = YES;
				GCC_WARN_UNINITIALIZED_AUTOS = YES_AGGRESSIVE;
				GCC_WARN_UNUSED_FUNCTION = YES;
				GCC_WARN_UNUSED_VARIABLE = YES;
				IPHONEOS_DEPLOYMENT_TARGET = 13.5;
				MTL_ENABLE_DEBUG_INFO = NO;
				MTL_FAST_MATH = YES;
				SDKROOT = iphoneos;
				SWIFT_COMPILATION_MODE = wholemodule;
				SWIFT_OPTIMIZATION_LEVEL = "-O";
				VALIDATE_PRODUCT = YES;
			};
			name = Release;
		};
		114FBFCD24CF4F5900F723CA /* Debug */ = {
			isa = XCBuildConfiguration;
			buildSettings = {
				ASSETCATALOG_COMPILER_APPICON_NAME = AppIcon;
				CODE_SIGN_STYLE = Automatic;
				DEVELOPMENT_TEAM = MQG28G6TA5;
				INFOPLIST_FILE = Project6b/Info.plist;
				IPHONEOS_DEPLOYMENT_TARGET = 13.0;
				LD_RUNPATH_SEARCH_PATHS = (
					"$(inherited)",
					"@executable_path/Frameworks",
				);
				PRODUCT_BUNDLE_IDENTIFIER = com.bannokot.Project6b;
				PRODUCT_NAME = "$(TARGET_NAME)";
				SWIFT_VERSION = 5.0;
				TARGETED_DEVICE_FAMILY = "1,2";
			};
			name = Debug;
		};
		114FBFCE24CF4F5900F723CA /* Release */ = {
			isa = XCBuildConfiguration;
			buildSettings = {
				ASSETCATALOG_COMPILER_APPICON_NAME = AppIcon;
				CODE_SIGN_STYLE = Automatic;
				DEVELOPMENT_TEAM = MQG28G6TA5;
				INFOPLIST_FILE = Project6b/Info.plist;
				IPHONEOS_DEPLOYMENT_TARGET = 13.0;
				LD_RUNPATH_SEARCH_PATHS = (
					"$(inherited)",
					"@executable_path/Frameworks",
				);
				PRODUCT_BUNDLE_IDENTIFIER = com.bannokot.Project6b;
				PRODUCT_NAME = "$(TARGET_NAME)";
				SWIFT_VERSION = 5.0;
				TARGETED_DEVICE_FAMILY = "1,2";
			};
			name = Release;
		};
/* End XCBuildConfiguration section */

/* Begin XCConfigurationList section */
		114FBFB324CF4F5700F723CA /* Build configuration list for PBXProject "Project6b" */ = {
			isa = XCConfigurationList;
			buildConfigurations = (
				114FBFCA24CF4F5900F723CA /* Debug */,
				114FBFCB24CF4F5900F723CA /* Release */,
			);
			defaultConfigurationIsVisible = 0;
			defaultConfigurationName = Release;
		};
		114FBFCC24CF4F5900F723CA /* Build configuration list for PBXNativeTarget "Project6b" */ = {
			isa = XCConfigurationList;
			buildConfigurations = (
				114FBFCD24CF4F5900F723CA /* Debug */,
				114FBFCE24CF4F5900F723CA /* Release */,
			);
			defaultConfigurationIsVisible = 0;
			defaultConfigurationName = Release;
		};
/* End XCConfigurationList section */
	};
	rootObject = 114FBFB024CF4F5700F723CA /* Project object */;
}
