// !$*UTF8*$!
{
	archiveVersion = 1;
	classes = {
	};
	objectVersion = 50;
	objects = {

/* Begin PBXBuildFile section */
		110BA26824ED95570031A221 /* AppDelegate.swift in Sources */ = {isa = PBXBuildFile; fileRef = 110BA26724ED95570031A221 /* AppDelegate.swift */; };
		110BA26A24ED95570031A221 /* GameScene.sks in Resources */ = {isa = PBXBuildFile; fileRef = 110BA26924ED95570031A221 /* GameScene.sks */; };
		110BA26C24ED95570031A221 /* Actions.sks in Resources */ = {isa = PBXBuildFile; fileRef = 110BA26B24ED95570031A221 /* Actions.sks */; };
		110BA26E24ED95570031A221 /* GameScene.swift in Sources */ = {isa = PBXBuildFile; fileRef = 110BA26D24ED95570031A221 /* GameScene.swift */; };
		110BA27024ED95570031A221 /* GameViewController.swift in Sources */ = {isa = PBXBuildFile; fileRef = 110BA26F24ED95570031A221 /* GameViewController.swift */; };
		110BA27324ED95570031A221 /* Main.storyboard in Resources */ = {isa = PBXBuildFile; fileRef = 110BA27124ED95570031A221 /* Main.storyboard */; };
		110BA27524ED95590031A221 /* Assets.xcassets in Resources */ = {isa = PBXBuildFile; fileRef = 110BA27424ED95590031A221 /* Assets.xcassets */; };
		110BA27824ED95590031A221 /* LaunchScreen.storyboard in Resources */ = {isa = PBXBuildFile; fileRef = 110BA27624ED95590031A221 /* LaunchScreen.storyboard */; };
		110BA28A24ED95E50031A221 /* swoosh3.caf in Resources */ = {isa = PBXBuildFile; fileRef = 110BA27F24ED95E40031A221 /* swoosh3.caf */; };
		110BA28B24ED95E50031A221 /* whack.caf in Resources */ = {isa = PBXBuildFile; fileRef = 110BA28024ED95E40031A221 /* whack.caf */; };
		110BA28C24ED95E50031A221 /* sliceHitEnemy.sks in Resources */ = {isa = PBXBuildFile; fileRef = 110BA28124ED95E40031A221 /* sliceHitEnemy.sks */; };
		110BA28D24ED95E50031A221 /* sliceFuse.sks in Resources */ = {isa = PBXBuildFile; fileRef = 110BA28224ED95E40031A221 /* sliceFuse.sks */; };
		110BA28E24ED95E50031A221 /* wrong.caf in Resources */ = {isa = PBXBuildFile; fileRef = 110BA28324ED95E40031A221 /* wrong.caf */; };
		110BA28F24ED95E50031A221 /* launch.caf in Resources */ = {isa = PBXBuildFile; fileRef = 110BA28424ED95E40031A221 /* launch.caf */; };
		110BA29024ED95E50031A221 /* explosion.caf in Resources */ = {isa = PBXBuildFile; fileRef = 110BA28524ED95E40031A221 /* explosion.caf */; };
		110BA29124ED95E50031A221 /* sliceHitBomb.sks in Resources */ = {isa = PBXBuildFile; fileRef = 110BA28624ED95E40031A221 /* sliceHitBomb.sks */; };
		110BA29224ED95E50031A221 /* sliceBombFuse.caf in Resources */ = {isa = PBXBuildFile; fileRef = 110BA28724ED95E40031A221 /* sliceBombFuse.caf */; };
		110BA29324ED95E50031A221 /* swoosh1.caf in Resources */ = {isa = PBXBuildFile; fileRef = 110BA28824ED95E40031A221 /* swoosh1.caf */; };
		110BA29424ED95E50031A221 /* swoosh2.caf in Resources */ = {isa = PBXBuildFile; fileRef = 110BA28924ED95E50031A221 /* swoosh2.caf */; };
/* End PBXBuildFile section */

/* Begin PBXFileReference section */
		110BA26424ED95570031A221 /* Project23.app */ = {isa = PBXFileReference; explicitFileType = wrapper.application; includeInIndex = 0; path = Project23.app; sourceTree = BUILT_PRODUCTS_DIR; };
		110BA26724ED95570031A221 /* AppDelegate.swift */ = {isa = PBXFileReference; lastKnownFileType = sourcecode.swift; path = AppDelegate.swift; sourceTree = "<group>"; };
		110BA26924ED95570031A221 /* GameScene.sks */ = {isa = PBXFileReference; lastKnownFileType = file.sks; path = GameScene.sks; sourceTree = "<group>"; };
		110BA26B24ED95570031A221 /* Actions.sks */ = {isa = PBXFileReference; lastKnownFileType = file.sks; path = Actions.sks; sourceTree = "<group>"; };
		110BA26D24ED95570031A221 /* GameScene.swift */ = {isa = PBXFileReference; lastKnownFileType = sourcecode.swift; path = GameScene.swift; sourceTree = "<group>"; };
		110BA26F24ED95570031A221 /* GameViewController.swift */ = {isa = PBXFileReference; lastKnownFileType = sourcecode.swift; path = GameViewController.swift; sourceTree = "<group>"; };
		110BA27224ED95570031A221 /* Base */ = {isa = PBXFileReference; lastKnownFileType = file.storyboard; name = Base; path = Base.lproj/Main.storyboard; sourceTree = "<group>"; };
		110BA27424ED95590031A221 /* Assets.xcassets */ = {isa = PBXFileReference; lastKnownFileType = folder.assetcatalog; path = Assets.xcassets; sourceTree = "<group>"; };
		110BA27724ED95590031A221 /* Base */ = {isa = PBXFileReference; lastKnownFileType = file.storyboard; name = Base; path = Base.lproj/LaunchScreen.storyboard; sourceTree = "<group>"; };
		110BA27924ED95590031A221 /* Info.plist */ = {isa = PBXFileReference; lastKnownFileType = text.plist.xml; path = Info.plist; sourceTree = "<group>"; };
		110BA27F24ED95E40031A221 /* swoosh3.caf */ = {isa = PBXFileReference; lastKnownFileType = file; path = swoosh3.caf; sourceTree = "<group>"; };
		110BA28024ED95E40031A221 /* whack.caf */ = {isa = PBXFileReference; lastKnownFileType = file; path = whack.caf; sourceTree = "<group>"; };
		110BA28124ED95E40031A221 /* sliceHitEnemy.sks */ = {isa = PBXFileReference; lastKnownFileType = file.sks; path = sliceHitEnemy.sks; sourceTree = "<group>"; };
		110BA28224ED95E40031A221 /* sliceFuse.sks */ = {isa = PBXFileReference; lastKnownFileType = file.sks; path = sliceFuse.sks; sourceTree = "<group>"; };
		110BA28324ED95E40031A221 /* wrong.caf */ = {isa = PBXFileReference; lastKnownFileType = file; path = wrong.caf; sourceTree = "<group>"; };
		110BA28424ED95E40031A221 /* launch.caf */ = {isa = PBXFileReference; lastKnownFileType = file; path = launch.caf; sourceTree = "<group>"; };
		110BA28524ED95E40031A221 /* explosion.caf */ = {isa = PBXFileReference; lastKnownFileType = file; path = explosion.caf; sourceTree = "<group>"; };
		110BA28624ED95E40031A221 /* sliceHitBomb.sks */ = {isa = PBXFileReference; lastKnownFileType = file.sks; path = sliceHitBomb.sks; sourceTree = "<group>"; };
		110BA28724ED95E40031A221 /* sliceBombFuse.caf */ = {isa = PBXFileReference; lastKnownFileType = file; path = sliceBombFuse.caf; sourceTree = "<group>"; };
		110BA28824ED95E40031A221 /* swoosh1.caf */ = {isa = PBXFileReference; lastKnownFileType = file; path = swoosh1.caf; sourceTree = "<group>"; };
		110BA28924ED95E50031A221 /* swoosh2.caf */ = {isa = PBXFileReference; lastKnownFileType = file; path = swoosh2.caf; sourceTree = "<group>"; };
/* End PBXFileReference section */

/* Begin PBXFrameworksBuildPhase section */
		110BA26124ED95570031A221 /* Frameworks */ = {
			isa = PBXFrameworksBuildPhase;
			buildActionMask = 2147483647;
			files = (
			);
			runOnlyForDeploymentPostprocessing = 0;
		};
/* End PBXFrameworksBuildPhase section */

/* Begin PBXGroup section */
		110BA25B24ED95570031A221 = {
			isa = PBXGroup;
			children = (
				110BA26624ED95570031A221 /* Project23 */,
				110BA26524ED95570031A221 /* Products */,
			);
			sourceTree = "<group>";
		};
		110BA26524ED95570031A221 /* Products */ = {
			isa = PBXGroup;
			children = (
				110BA26424ED95570031A221 /* Project23.app */,
			);
			name = Products;
			sourceTree = "<group>";
		};
		110BA26624ED95570031A221 /* Project23 */ = {
			isa = PBXGroup;
			children = (
				110BA26724ED95570031A221 /* AppDelegate.swift */,
				110BA26924ED95570031A221 /* GameScene.sks */,
				110BA26B24ED95570031A221 /* Actions.sks */,
				110BA26D24ED95570031A221 /* GameScene.swift */,
				110BA26F24ED95570031A221 /* GameViewController.swift */,
				110BA27124ED95570031A221 /* Main.storyboard */,
				110BA27424ED95590031A221 /* Assets.xcassets */,
				110BA27624ED95590031A221 /* LaunchScreen.storyboard */,
				110BA27924ED95590031A221 /* Info.plist */,
				110BA28524ED95E40031A221 /* explosion.caf */,
				110BA28424ED95E40031A221 /* launch.caf */,
				110BA28724ED95E40031A221 /* sliceBombFuse.caf */,
				110BA28224ED95E40031A221 /* sliceFuse.sks */,
				110BA28624ED95E40031A221 /* sliceHitBomb.sks */,
				110BA28124ED95E40031A221 /* sliceHitEnemy.sks */,
				110BA28824ED95E40031A221 /* swoosh1.caf */,
				110BA28924ED95E50031A221 /* swoosh2.caf */,
				110BA27F24ED95E40031A221 /* swoosh3.caf */,
				110BA28024ED95E40031A221 /* whack.caf */,
				110BA28324ED95E40031A221 /* wrong.caf */,
			);
			path = Project23;
			sourceTree = "<group>";
		};
/* End PBXGroup section */

/* Begin PBXNativeTarget section */
		110BA26324ED95570031A221 /* Project23 */ = {
			isa = PBXNativeTarget;
			buildConfigurationList = 110BA27C24ED95590031A221 /* Build configuration list for PBXNativeTarget "Project23" */;
			buildPhases = (
				110BA26024ED95570031A221 /* Sources */,
				110BA26124ED95570031A221 /* Frameworks */,
				110BA26224ED95570031A221 /* Resources */,
			);
			buildRules = (
			);
			dependencies = (
			);
			name = Project23;
			productName = Project23;
			productReference = 110BA26424ED95570031A221 /* Project23.app */;
			productType = "com.apple.product-type.application";
		};
/* End PBXNativeTarget section */

/* Begin PBXProject section */
		110BA25C24ED95570031A221 /* Project object */ = {
			isa = PBXProject;
			attributes = {
				LastSwiftUpdateCheck = 1150;
				LastUpgradeCheck = 1150;
				ORGANIZATIONNAME = AlexBanana;
				TargetAttributes = {
					110BA26324ED95570031A221 = {
						CreatedOnToolsVersion = 11.5;
					};
				};
			};
			buildConfigurationList = 110BA25F24ED95570031A221 /* Build configuration list for PBXProject "Project23" */;
			compatibilityVersion = "Xcode 9.3";
			developmentRegion = en;
			hasScannedForEncodings = 0;
			knownRegions = (
				en,
				Base,
			);
			mainGroup = 110BA25B24ED95570031A221;
			productRefGroup = 110BA26524ED95570031A221 /* Products */;
			projectDirPath = "";
			projectRoot = "";
			targets = (
				110BA26324ED95570031A221 /* Project23 */,
			);
		};
/* End PBXProject section */

/* Begin PBXResourcesBuildPhase section */
		110BA26224ED95570031A221 /* Resources */ = {
			isa = PBXResourcesBuildPhase;
			buildActionMask = 2147483647;
			files = (
				110BA27324ED95570031A221 /* Main.storyboard in Resources */,
				110BA28F24ED95E50031A221 /* launch.caf in Resources */,
				110BA26A24ED95570031A221 /* GameScene.sks in Resources */,
				110BA28B24ED95E50031A221 /* whack.caf in Resources */,
				110BA28C24ED95E50031A221 /* sliceHitEnemy.sks in Resources */,
				110BA27524ED95590031A221 /* Assets.xcassets in Resources */,
				110BA29124ED95E50031A221 /* sliceHitBomb.sks in Resources */,
				110BA29024ED95E50031A221 /* explosion.caf in Resources */,
				110BA29424ED95E50031A221 /* swoosh2.caf in Resources */,
				110BA27824ED95590031A221 /* LaunchScreen.storyboard in Resources */,
				110BA26C24ED95570031A221 /* Actions.sks in Resources */,
				110BA28A24ED95E50031A221 /* swoosh3.caf in Resources */,
				110BA29324ED95E50031A221 /* swoosh1.caf in Resources */,
				110BA28E24ED95E50031A221 /* wrong.caf in Resources */,
				110BA29224ED95E50031A221 /* sliceBombFuse.caf in Resources */,
				110BA28D24ED95E50031A221 /* sliceFuse.sks in Resources */,
			);
			runOnlyForDeploymentPostprocessing = 0;
		};
/* End PBXResourcesBuildPhase section */

/* Begin PBXSourcesBuildPhase section */
		110BA26024ED95570031A221 /* Sources */ = {
			isa = PBXSourcesBuildPhase;
			buildActionMask = 2147483647;
			files = (
				110BA26E24ED95570031A221 /* GameScene.swift in Sources */,
				110BA27024ED95570031A221 /* GameViewController.swift in Sources */,
				110BA26824ED95570031A221 /* AppDelegate.swift in Sources */,
			);
			runOnlyForDeploymentPostprocessing = 0;
		};
/* End PBXSourcesBuildPhase section */

/* Begin PBXVariantGroup section */
		110BA27124ED95570031A221 /* Main.storyboard */ = {
			isa = PBXVariantGroup;
			children = (
				110BA27224ED95570031A221 /* Base */,
			);
			name = Main.storyboard;
			sourceTree = "<group>";
		};
		110BA27624ED95590031A221 /* LaunchScreen.storyboard */ = {
			isa = PBXVariantGroup;
			children = (
				110BA27724ED95590031A221 /* Base */,
			);
			name = LaunchScreen.storyboard;
			sourceTree = "<group>";
		};
/* End PBXVariantGroup section */

/* Begin XCBuildConfiguration section */
		110BA27A24ED95590031A221 /* Debug */ = {
			isa = XCBuildConfiguration;
			buildSettings = {
				ALWAYS_SEARCH_USER_PATHS = NO;
				CLANG_ANALYZER_NONNULL = YES;
				CLANG_ANALYZER_NUMBER_OBJECT_CONVERSION = YES_AGGRESSIVE;
				CLANG_CXX_LANGUAGE_STANDARD = "gnu++14";
				CLANG_CXX_LIBRARY = "libc++";
				CLANG_ENABLE_MODULES = YES;
				CLANG_ENABLE_OBJC_ARC = YES;
				CLANG_ENABLE_OBJC_WEAK = YES;
				CLANG_WARN_BLOCK_CAPTURE_AUTORELEASING = YES;
				CLANG_WARN_BOOL_CONVERSION = YES;
				CLANG_WARN_COMMA = YES;
				CLANG_WARN_CONSTANT_CONVERSION = YES;
				CLANG_WARN_DEPRECATED_OBJC_IMPLEMENTATIONS = YES;
				CLANG_WARN_DIRECT_OBJC_ISA_USAGE = YES_ERROR;
				CLANG_WARN_DOCUMENTATION_COMMENTS = YES;
				CLANG_WARN_EMPTY_BODY = YES;
				CLANG_WARN_ENUM_CONVERSION = YES;
				CLANG_WARN_INFINITE_RECURSION = YES;
				CLANG_WARN_INT_CONVERSION = YES;
				CLANG_WARN_NON_LITERAL_NULL_CONVERSION = YES;
				CLANG_WARN_OBJC_IMPLICIT_RETAIN_SELF = YES;
				CLANG_WARN_OBJC_LITERAL_CONVERSION = YES;
				CLANG_WARN_OBJC_ROOT_CLASS = YES_ERROR;
				CLANG_WARN_RANGE_LOOP_ANALYSIS = YES;
				CLANG_WARN_STRICT_PROTOTYPES = YES;
				CLANG_WARN_SUSPICIOUS_MOVE = YES;
				CLANG_WARN_UNGUARDED_AVAILABILITY = YES_AGGRESSIVE;
				CLANG_WARN_UNREACHABLE_CODE = YES;
				CLANG_WARN__DUPLICATE_METHOD_MATCH = YES;
				COPY_PHASE_STRIP = NO;
				DEBUG_INFORMATION_FORMAT = dwarf;
				ENABLE_STRICT_OBJC_MSGSEND = YES;
				ENABLE_TESTABILITY = YES;
				GCC_C_LANGUAGE_STANDARD = gnu11;
				GCC_DYNAMIC_NO_PIC = NO;
				GCC_NO_COMMON_BLOCKS = YES;
				GCC_OPTIMIZATION_LEVEL = 0;
				GCC_PREPROCESSOR_DEFINITIONS = (
					"DEBUG=1",
					"$(inherited)",
				);
				GCC_WARN_64_TO_32_BIT_CONVERSION = YES;
				GCC_WARN_ABOUT_RETURN_TYPE = YES_ERROR;
				GCC_WARN_UNDECLARED_SELECTOR = YES;
				GCC_WARN_UNINITIALIZED_AUTOS = YES_AGGRESSIVE;
				GCC_WARN_UNUSED_FUNCTION = YES;
				GCC_WARN_UNUSED_VARIABLE = YES;
				IPHONEOS_DEPLOYMENT_TARGET = 13.5;
				MTL_ENABLE_DEBUG_INFO = INCLUDE_SOURCE;
				MTL_FAST_MATH = YES;
				ONLY_ACTIVE_ARCH = YES;
				SDKROOT = iphoneos;
				SWIFT_ACTIVE_COMPILATION_CONDITIONS = DEBUG;
				SWIFT_OPTIMIZATION_LEVEL = "-Onone";
			};
			name = Debug;
		};
		110BA27B24ED95590031A221 /* Release */ = {
			isa = XCBuildConfiguration;
			buildSettings = {
				ALWAYS_SEARCH_USER_PATHS = NO;
				CLANG_ANALYZER_NONNULL = YES;
				CLANG_ANALYZER_NUMBER_OBJECT_CONVERSION = YES_AGGRESSIVE;
				CLANG_CXX_LANGUAGE_STANDARD = "gnu++14";
				CLANG_CXX_LIBRARY = "libc++";
				CLANG_ENABLE_MODULES = YES;
				CLANG_ENABLE_OBJC_ARC = YES;
				CLANG_ENABLE_OBJC_WEAK = YES;
				CLANG_WARN_BLOCK_CAPTURE_AUTORELEASING = YES;
				CLANG_WARN_BOOL_CONVERSION = YES;
				CLANG_WARN_COMMA = YES;
				CLANG_WARN_CONSTANT_CONVERSION = YES;
				CLANG_WARN_DEPRECATED_OBJC_IMPLEMENTATIONS = YES;
				CLANG_WARN_DIRECT_OBJC_ISA_USAGE = YES_ERROR;
				CLANG_WARN_DOCUMENTATION_COMMENTS = YES;
				CLANG_WARN_EMPTY_BODY = YES;
				CLANG_WARN_ENUM_CONVERSION = YES;
				CLANG_WARN_INFINITE_RECURSION = YES;
				CLANG_WARN_INT_CONVERSION = YES;
				CLANG_WARN_NON_LITERAL_NULL_CONVERSION = YES;
				CLANG_WARN_OBJC_IMPLICIT_RETAIN_SELF = YES;
				CLANG_WARN_OBJC_LITERAL_CONVERSION = YES;
				CLANG_WARN_OBJC_ROOT_CLASS = YES_ERROR;
				CLANG_WARN_RANGE_LOOP_ANALYSIS = YES;
				CLANG_WARN_STRICT_PROTOTYPES = YES;
				CLANG_WARN_SUSPICIOUS_MOVE = YES;
				CLANG_WARN_UNGUARDED_AVAILABILITY = YES_AGGRESSIVE;
				CLANG_WARN_UNREACHABLE_CODE = YES;
				CLANG_WARN__DUPLICATE_METHOD_MATCH = YES;
				COPY_PHASE_STRIP = NO;
				DEBUG_INFORMATION_FORMAT = "dwarf-with-dsym";
				ENABLE_NS_ASSERTIONS = NO;
				ENABLE_STRICT_OBJC_MSGSEND = YES;
				GCC_C_LANGUAGE_STANDARD = gnu11;
				GCC_NO_COMMON_BLOCKS = YES;
				GCC_WARN_64_TO_32_BIT_CONVERSION = YES;
				GCC_WARN_ABOUT_RETURN_TYPE = YES_ERROR;
				GCC_WARN_UNDECLARED_SELECTOR = YES;
				GCC_WARN_UNINITIALIZED_AUTOS = YES_AGGRESSIVE;
				GCC_WARN_UNUSED_FUNCTION = YES;
				GCC_WARN_UNUSED_VARIABLE = YES;
				IPHONEOS_DEPLOYMENT_TARGET = 13.5;
				MTL_ENABLE_DEBUG_INFO = NO;
				MTL_FAST_MATH = YES;
				SDKROOT = iphoneos;
				SWIFT_COMPILATION_MODE = wholemodule;
				SWIFT_OPTIMIZATION_LEVEL = "-O";
				VALIDATE_PRODUCT = YES;
			};
			name = Release;
		};
		110BA27D24ED95590031A221 /* Debug */ = {
			isa = XCBuildConfiguration;
			buildSettings = {
				ASSETCATALOG_COMPILER_APPICON_NAME = AppIcon;
				CODE_SIGN_STYLE = Automatic;
				DEVELOPMENT_TEAM = MQG28G6TA5;
				INFOPLIST_FILE = Project23/Info.plist;
				LD_RUNPATH_SEARCH_PATHS = (
					"$(inherited)",
					"@executable_path/Frameworks",
				);
				PRODUCT_BUNDLE_IDENTIFIER = com.bannokot.Project23;
				PRODUCT_NAME = "$(TARGET_NAME)";
				SWIFT_VERSION = 5.0;
				TARGETED_DEVICE_FAMILY = 2;
			};
			name = Debug;
		};
		110BA27E24ED95590031A221 /* Release */ = {
			isa = XCBuildConfiguration;
			buildSettings = {
				ASSETCATALOG_COMPILER_APPICON_NAME = AppIcon;
				CODE_SIGN_STYLE = Automatic;
				DEVELOPMENT_TEAM = MQG28G6TA5;
				INFOPLIST_FILE = Project23/Info.plist;
				LD_RUNPATH_SEARCH_PATHS = (
					"$(inherited)",
					"@executable_path/Frameworks",
				);
				PRODUCT_BUNDLE_IDENTIFIER = com.bannokot.Project23;
				PRODUCT_NAME = "$(TARGET_NAME)";
				SWIFT_VERSION = 5.0;
				TARGETED_DEVICE_FAMILY = 2;
			};
			name = Release;
		};
/* End XCBuildConfiguration section */

/* Begin XCConfigurationList section */
		110BA25F24ED95570031A221 /* Build configuration list for PBXProject "Project23" */ = {
			isa = XCConfigurationList;
			buildConfigurations = (
				110BA27A24ED95590031A221 /* Debug */,
				110BA27B24ED95590031A221 /* Release */,
			);
			defaultConfigurationIsVisible = 0;
			defaultConfigurationName = Release;
		};
		110BA27C24ED95590031A221 /* Build configuration list for PBXNativeTarget "Project23" */ = {
			isa = XCConfigurationList;
			buildConfigurations = (
				110BA27D24ED95590031A221 /* Debug */,
				110BA27E24ED95590031A221 /* Release */,
			);
			defaultConfigurationIsVisible = 0;
			defaultConfigurationName = Release;
		};
/* End XCConfigurationList section */
	};
	rootObject = 110BA25C24ED95570031A221 /* Project object */;
}
